
Microsoft Visual Studio Solution File, Format Version 12.00
# Visual Studio Version 16
VisualStudioVersion = 16.0.30711.63
MinimumVisualStudioVersion = 10.0.40219.1
Project("{FAE04EC0-301F-11D3-BF4B-00C04F79EFBC}") = "MusicDownloader", "MusicDownloader\MusicDownloader.csproj", "{F65AD2F2-CCA0-44C9-B962-3C90647D4857}"
EndProject
Global
	GlobalSection(SolutionConfigurationPlatforms) = preSolution
		Debug|Any CPU = Debug|Any CPU
		Release|Any CPU = Release|Any CPU
	EndGlobalSection
	GlobalSection(ProjectConfigurationPlatforms) = postSolution
		{F65AD2F2-CCA0-44C9-B962-3C90647D4857}.Debug|Any CPU.ActiveCfg = Debug|Any CPU
		{F65AD2F2-CCA0-44C9-B962-3C90647D4857}.Debug|Any CPU.Build.0 = Debug|Any CPU
		{F65AD2F2-CCA0-44C9-B962-3C90647D4857}.Release|Any CPU.ActiveCfg = Release|Any CPU
		{F65AD2F2-CCA0-44C9-B962-3C90647D4857}.Release|Any CPU.Build.0 = Release|Any CPU
	EndGlobalSection
	GlobalSection(SolutionProperties) = preSolution
		HideSolutionNode = FALSE
	EndGlobalSection
	GlobalSection(ExtensibilityGlobals) = postSolution
		SolutionGuid = {C2418783-BEAB-4F49-9BC3-1FB6720DB2BB}
	EndGlobalSection
EndGlobal
